{
  "nodes": {
    "config": {
      "locked": {
        "dir": "example/defaultConfig",
        "lastModified": 1729801154,
        "narHash": "sha256-4zx8zYm+ddExG1+D6Om1V43Y4SsOULUlyEfxAyAZhsM=",
        "owner": "NiklasGollenstede",
        "repo": "nixos-installer",
        "rev": "a937ebf3fcf9953a8b9e47b379639c0aeb08f311",
        "type": "github"
      },
      "original": {
        "dir": "example/defaultConfig",
        "owner": "NiklasGollenstede",
        "repo": "nixos-installer",
        "type": "github"
      }
    },
    "functions": {
      "inputs": {
        "nixpkgs": [
          "nixpkgs"
        ]
      },
      "locked": {
        "lastModified": 1728847189,
        "narHash": "sha256-UZzhxwURaYl7CP8NnoWsfunT+vZD8Odym7uQ09KZhR0=",
        "owner": "NiklasGollenstede",
        "repo": "nix-functions",
        "rev": "5dac6b54b60985e3da124e79afc28525b1d693c4",
        "type": "github"
      },
      "original": {
        "owner": "NiklasGollenstede",
        "repo": "nix-functions",
        "type": "github"
      }
    },
    "nixpkgs": {
      "locked": {
        "lastModified": 1733808091,
        "narHash": "sha256-KWwINTQelKOoQgrXftxoqxmKFZb9pLVfnRvK270nkVk=",
        "owner": "NixOS",
        "repo": "nixpkgs",
        "rev": "a0f3e10d94359665dba45b71b4227b0aeb851f8e",
        "type": "github"
      },
      "original": {
        "owner": "NixOS",
        "ref": "nixos-24.11",
        "repo": "nixpkgs",
        "type": "github"
      }
    },
    "root": {
      "inputs": {
        "config": "config",
        "functions": "functions",
        "nixpkgs": "nixpkgs"
      }
    }
  },
  "root": "root",
  "version": 7
}
